// !$*UTF8*$!
{
	archiveVersion = 1;
	classes = {
	};
	objectVersion = 46;
	objects = {

/* Begin PBXBuildFile section */
		792A7FB81DD000F300612463 /* AppDelegate.swift in Sources */ = {isa = PBXBuildFile; fileRef = 792A7FB71DD000F300612463 /* AppDelegate.swift */; };
		792A7FBA1DD000F300612463 /* CameraViewController.swift in Sources */ = {isa = PBXBuildFile; fileRef = 792A7FB91DD000F300612463 /* CameraViewController.swift */; };
		792A7FBD1DD000F300612463 /* Main.storyboard in Resources */ = {isa = PBXBuildFile; fileRef = 792A7FBB1DD000F300612463 /* Main.storyboard */; };
		792A7FBF1DD000F300612463 /* Assets.xcassets in Resources */ = {isa = PBXBuildFile; fileRef = 792A7FBE1DD000F300612463 /* Assets.xcassets */; };
		792A7FC21DD000F300612463 /* LaunchScreen.storyboard in Resources */ = {isa = PBXBuildFile; fileRef = 792A7FC01DD000F300612463 /* LaunchScreen.storyboard */; };
		792A7FCD1DD000F300612463 /* DroplightTests.swift in Sources */ = {isa = PBXBuildFile; fileRef = 792A7FCC1DD000F300612463 /* DroplightTests.swift */; };
		792A7FD81DD000F300612463 /* DroplightUITests.swift in Sources */ = {isa = PBXBuildFile; fileRef = 792A7FD71DD000F300612463 /* DroplightUITests.swift */; };
		79B0227C1DDD8FC500D250F4 /* LocationController.swift in Sources */ = {isa = PBXBuildFile; fileRef = 79B0227B1DDD8FC500D250F4 /* LocationController.swift */; };
		79C0BB3E1DE21F6F00D3D5BD /* Browser.xib in Resources */ = {isa = PBXBuildFile; fileRef = 79C0BB3D1DE21F6F00D3D5BD /* Browser.xib */; };
		79C0BB421DE2218200D3D5BD /* BrowserController.swift in Sources */ = {isa = PBXBuildFile; fileRef = 79C0BB411DE2218200D3D5BD /* BrowserController.swift */; };
		79F08BA41DD79A9F002A373B /* PictureViewController.swift in Sources */ = {isa = PBXBuildFile; fileRef = 79F08BA31DD79A9F002A373B /* PictureViewController.swift */; };
		79F08BA61DD7C3B5002A373B /* EffectsController.swift in Sources */ = {isa = PBXBuildFile; fileRef = 79F08BA51DD7C3B5002A373B /* EffectsController.swift */; };
/* End PBXBuildFile section */

/* Begin PBXContainerItemProxy section */
		792A7FC91DD000F300612463 /* PBXContainerItemProxy */ = {
			isa = PBXContainerItemProxy;
			containerPortal = 792A7FAC1DD000F300612463 /* Project object */;
			proxyType = 1;
			remoteGlobalIDString = 792A7FB31DD000F300612463;
			remoteInfo = Droplight;
		};
		792A7FD41DD000F300612463 /* PBXContainerItemProxy */ = {
			isa = PBXContainerItemProxy;
			containerPortal = 792A7FAC1DD000F300612463 /* Project object */;
			proxyType = 1;
			remoteGlobalIDString = 792A7FB31DD000F300612463;
			remoteInfo = Droplight;
		};
/* End PBXContainerItemProxy section */

/* Begin PBXFileReference section */
		792A7FB41DD000F300612463 /* Droplight.app */ = {isa = PBXFileReference; explicitFileType = wrapper.application; includeInIndex = 0; path = Droplight.app; sourceTree = BUILT_PRODUCTS_DIR; };
		792A7FB71DD000F300612463 /* AppDelegate.swift */ = {isa = PBXFileReference; lastKnownFileType = sourcecode.swift; path = AppDelegate.swift; sourceTree = "<group>"; };
		792A7FB91DD000F300612463 /* CameraViewController.swift */ = {isa = PBXFileReference; lastKnownFileType = sourcecode.swift; path = CameraViewController.swift; sourceTree = "<group>"; };
		792A7FBC1DD000F300612463 /* Base */ = {isa = PBXFileReference; lastKnownFileType = file.storyboard; name = Base; path = Base.lproj/Main.storyboard; sourceTree = "<group>"; };
		792A7FBE1DD000F300612463 /* Assets.xcassets */ = {isa = PBXFileReference; lastKnownFileType = folder.assetcatalog; path = Assets.xcassets; sourceTree = "<group>"; };
		792A7FC11DD000F300612463 /* Base */ = {isa = PBXFileReference; lastKnownFileType = file.storyboard; name = Base; path = Base.lproj/LaunchScreen.storyboard; sourceTree = "<group>"; };
		792A7FC31DD000F300612463 /* Info.plist */ = {isa = PBXFileReference; lastKnownFileType = text.plist.xml; path = Info.plist; sourceTree = "<group>"; };
		792A7FC81DD000F300612463 /* DroplightTests.xctest */ = {isa = PBXFileReference; explicitFileType = wrapper.cfbundle; includeInIndex = 0; path = DroplightTests.xctest; sourceTree = BUILT_PRODUCTS_DIR; };
		792A7FCC1DD000F300612463 /* DroplightTests.swift */ = {isa = PBXFileReference; lastKnownFileType = sourcecode.swift; path = DroplightTests.swift; sourceTree = "<group>"; };
		792A7FCE1DD000F300612463 /* Info.plist */ = {isa = PBXFileReference; lastKnownFileType = text.plist.xml; path = Info.plist; sourceTree = "<group>"; };
		792A7FD31DD000F300612463 /* DroplightUITests.xctest */ = {isa = PBXFileReference; explicitFileType = wrapper.cfbundle; includeInIndex = 0; path = DroplightUITests.xctest; sourceTree = BUILT_PRODUCTS_DIR; };
		792A7FD71DD000F300612463 /* DroplightUITests.swift */ = {isa = PBXFileReference; lastKnownFileType = sourcecode.swift; path = DroplightUITests.swift; sourceTree = "<group>"; };
		792A7FD91DD000F300612463 /* Info.plist */ = {isa = PBXFileReference; lastKnownFileType = text.plist.xml; path = Info.plist; sourceTree = "<group>"; };
		79B0227B1DDD8FC500D250F4 /* LocationController.swift */ = {isa = PBXFileReference; fileEncoding = 4; lastKnownFileType = sourcecode.swift; path = LocationController.swift; sourceTree = "<group>"; };
		79C0BB3D1DE21F6F00D3D5BD /* Browser.xib */ = {isa = PBXFileReference; fileEncoding = 4; lastKnownFileType = file.xib; path = Browser.xib; sourceTree = "<group>"; };
		79C0BB411DE2218200D3D5BD /* BrowserController.swift */ = {isa = PBXFileReference; fileEncoding = 4; lastKnownFileType = sourcecode.swift; path = BrowserController.swift; sourceTree = "<group>"; };
		79F08BA31DD79A9F002A373B /* PictureViewController.swift */ = {isa = PBXFileReference; fileEncoding = 4; lastKnownFileType = sourcecode.swift; path = PictureViewController.swift; sourceTree = "<group>"; };
		79F08BA51DD7C3B5002A373B /* EffectsController.swift */ = {isa = PBXFileReference; fileEncoding = 4; lastKnownFileType = sourcecode.swift; path = EffectsController.swift; sourceTree = "<group>"; };
/* End PBXFileReference section */

/* Begin PBXFrameworksBuildPhase section */
		792A7FB11DD000F300612463 /* Frameworks */ = {
			isa = PBXFrameworksBuildPhase;
			buildActionMask = 2147483647;
			files = (
			);
			runOnlyForDeploymentPostprocessing = 0;
		};
		792A7FC51DD000F300612463 /* Frameworks */ = {
			isa = PBXFrameworksBuildPhase;
			buildActionMask = 2147483647;
			files = (
			);
			runOnlyForDeploymentPostprocessing = 0;
		};
		792A7FD01DD000F300612463 /* Frameworks */ = {
			isa = PBXFrameworksBuildPhase;
			buildActionMask = 2147483647;
			files = (
			);
			runOnlyForDeploymentPostprocessing = 0;
		};
/* End PBXFrameworksBuildPhase section */

/* Begin PBXGroup section */
		792A7FAB1DD000F300612463 = {
			isa = PBXGroup;
			children = (
				792A7FB61DD000F300612463 /* Droplight */,
				792A7FCB1DD000F300612463 /* DroplightTests */,
				792A7FD61DD000F300612463 /* DroplightUITests */,
				792A7FB51DD000F300612463 /* Products */,
			);
			sourceTree = "<group>";
		};
		792A7FB51DD000F300612463 /* Products */ = {
			isa = PBXGroup;
			children = (
				792A7FB41DD000F300612463 /* Droplight.app */,
				792A7FC81DD000F300612463 /* DroplightTests.xctest */,
				792A7FD31DD000F300612463 /* DroplightUITests.xctest */,
			);
			name = Products;
			sourceTree = "<group>";
		};
		792A7FB61DD000F300612463 /* Droplight */ = {
			isa = PBXGroup;
			children = (
				79C0BB411DE2218200D3D5BD /* BrowserController.swift */,
				792A7FB71DD000F300612463 /* AppDelegate.swift */,
				792A7FB91DD000F300612463 /* CameraViewController.swift */,
				79F08BA31DD79A9F002A373B /* PictureViewController.swift */,
				79F08BA51DD7C3B5002A373B /* EffectsController.swift */,
				792A7FBB1DD000F300612463 /* Main.storyboard */,
				79C0BB3D1DE21F6F00D3D5BD /* Browser.xib */,
				79B0227B1DDD8FC500D250F4 /* LocationController.swift */,
				792A7FBE1DD000F300612463 /* Assets.xcassets */,
				792A7FC01DD000F300612463 /* LaunchScreen.storyboard */,
				792A7FC31DD000F300612463 /* Info.plist */,
			);
			path = Droplight;
			sourceTree = "<group>";
		};
		792A7FCB1DD000F300612463 /* DroplightTests */ = {
			isa = PBXGroup;
			children = (
				792A7FCC1DD000F300612463 /* DroplightTests.swift */,
				792A7FCE1DD000F300612463 /* Info.plist */,
			);
			path = DroplightTests;
			sourceTree = "<group>";
		};
		792A7FD61DD000F300612463 /* DroplightUITests */ = {
			isa = PBXGroup;
			children = (
				792A7FD71DD000F300612463 /* DroplightUITests.swift */,
				792A7FD91DD000F300612463 /* Info.plist */,
			);
			path = DroplightUITests;
			sourceTree = "<group>";
		};
/* End PBXGroup section */

/* Begin PBXNativeTarget section */
		792A7FB31DD000F300612463 /* Droplight */ = {
			isa = PBXNativeTarget;
			buildConfigurationList = 792A7FDC1DD000F300612463 /* Build configuration list for PBXNativeTarget "Droplight" */;
			buildPhases = (
				792A7FB01DD000F300612463 /* Sources */,
				792A7FB11DD000F300612463 /* Frameworks */,
				792A7FB21DD000F300612463 /* Resources */,
			);
			buildRules = (
			);
			dependencies = (
			);
			name = Droplight;
			productName = Droplight;
			productReference = 792A7FB41DD000F300612463 /* Droplight.app */;
			productType = "com.apple.product-type.application";
		};
		792A7FC71DD000F300612463 /* DroplightTests */ = {
			isa = PBXNativeTarget;
			buildConfigurationList = 792A7FDF1DD000F300612463 /* Build configuration list for PBXNativeTarget "DroplightTests" */;
			buildPhases = (
				792A7FC41DD000F300612463 /* Sources */,
				792A7FC51DD000F300612463 /* Frameworks */,
				792A7FC61DD000F300612463 /* Resources */,
			);
			buildRules = (
			);
			dependencies = (
				792A7FCA1DD000F300612463 /* PBXTargetDependency */,
			);
			name = DroplightTests;
			productName = DroplightTests;
			productReference = 792A7FC81DD000F300612463 /* DroplightTests.xctest */;
			productType = "com.apple.product-type.bundle.unit-test";
		};
		792A7FD21DD000F300612463 /* DroplightUITests */ = {
			isa = PBXNativeTarget;
			buildConfigurationList = 792A7FE21DD000F300612463 /* Build configuration list for PBXNativeTarget "DroplightUITests" */;
			buildPhases = (
				792A7FCF1DD000F300612463 /* Sources */,
				792A7FD01DD000F300612463 /* Frameworks */,
				792A7FD11DD000F300612463 /* Resources */,
			);
			buildRules = (
			);
			dependencies = (
				792A7FD51DD000F300612463 /* PBXTargetDependency */,
			);
			name = DroplightUITests;
			productName = DroplightUITests;
			productReference = 792A7FD31DD000F300612463 /* DroplightUITests.xctest */;
			productType = "com.apple.product-type.bundle.ui-testing";
		};
/* End PBXNativeTarget section */

/* Begin PBXProject section */
		792A7FAC1DD000F300612463 /* Project object */ = {
			isa = PBXProject;
			attributes = {
				LastSwiftUpdateCheck = 0730;
				LastUpgradeCheck = 0810;
				ORGANIZATIONNAME = MHK;
				TargetAttributes = {
					792A7FB31DD000F300612463 = {
						CreatedOnToolsVersion = 7.3.1;
						DevelopmentTeam = 5N89N8NB8R;
						LastSwiftMigration = 0810;
					};
					792A7FC71DD000F300612463 = {
						CreatedOnToolsVersion = 7.3.1;
						LastSwiftMigration = 0810;
						TestTargetID = 792A7FB31DD000F300612463;
					};
					792A7FD21DD000F300612463 = {
						CreatedOnToolsVersion = 7.3.1;
						LastSwiftMigration = 0810;
						TestTargetID = 792A7FB31DD000F300612463;
					};
				};
			};
			buildConfigurationList = 792A7FAF1DD000F300612463 /* Build configuration list for PBXProject "Droplight" */;
			compatibilityVersion = "Xcode 3.2";
			developmentRegion = English;
			hasScannedForEncodings = 0;
			knownRegions = (
				en,
				Base,
			);
			mainGroup = 792A7FAB1DD000F300612463;
			productRefGroup = 792A7FB51DD000F300612463 /* Products */;
			projectDirPath = "";
			projectRoot = "";
			targets = (
				792A7FB31DD000F300612463 /* Droplight */,
				792A7FC71DD000F300612463 /* DroplightTests */,
				792A7FD21DD000F300612463 /* DroplightUITests */,
			);
		};
/* End PBXProject section */

/* Begin PBXResourcesBuildPhase section */
		792A7FB21DD000F300612463 /* Resources */ = {
			isa = PBXResourcesBuildPhase;
			buildActionMask = 2147483647;
			files = (
				79C0BB3E1DE21F6F00D3D5BD /* Browser.xib in Resources */,
				792A7FC21DD000F300612463 /* LaunchScreen.storyboard in Resources */,
				792A7FBF1DD000F300612463 /* Assets.xcassets in Resources */,
				792A7FBD1DD000F300612463 /* Main.storyboard in Resources */,
			);
			runOnlyForDeploymentPostprocessing = 0;
		};
		792A7FC61DD000F300612463 /* Resources */ = {
			isa = PBXResourcesBuildPhase;
			buildActionMask = 2147483647;
			files = (
			);
			runOnlyForDeploymentPostprocessing = 0;
		};
		792A7FD11DD000F300612463 /* Resources */ = {
			isa = PBXResourcesBuildPhase;
			buildActionMask = 2147483647;
			files = (
			);
			runOnlyForDeploymentPostprocessing = 0;
		};
/* End PBXResourcesBuildPhase section */

/* Begin PBXSourcesBuildPhase section */
		792A7FB01DD000F300612463 /* Sources */ = {
			isa = PBXSourcesBuildPhase;
			buildActionMask = 2147483647;
			files = (
				792A7FBA1DD000F300612463 /* CameraViewController.swift in Sources */,
				79F08BA41DD79A9F002A373B /* PictureViewController.swift in Sources */,
				79F08BA61DD7C3B5002A373B /* EffectsController.swift in Sources */,
				79B0227C1DDD8FC500D250F4 /* LocationController.swift in Sources */,
				79C0BB421DE2218200D3D5BD /* BrowserController.swift in Sources */,
				792A7FB81DD000F300612463 /* AppDelegate.swift in Sources */,
			);
			runOnlyForDeploymentPostprocessing = 0;
		};
		792A7FC41DD000F300612463 /* Sources */ = {
			isa = PBXSourcesBuildPhase;
			buildActionMask = 2147483647;
			files = (
				792A7FCD1DD000F300612463 /* DroplightTests.swift in Sources */,
			);
			runOnlyForDeploymentPostprocessing = 0;
		};
		792A7FCF1DD000F300612463 /* Sources */ = {
			isa = PBXSourcesBuildPhase;
			buildActionMask = 2147483647;
			files = (
				792A7FD81DD000F300612463 /* DroplightUITests.swift in Sources */,
			);
			runOnlyForDeploymentPostprocessing = 0;
		};
/* End PBXSourcesBuildPhase section */

/* Begin PBXTargetDependency section */
		792A7FCA1DD000F300612463 /* PBXTargetDependency */ = {
			isa = PBXTargetDependency;
			target = 792A7FB31DD000F300612463 /* Droplight */;
			targetProxy = 792A7FC91DD000F300612463 /* PBXContainerItemProxy */;
		};
		792A7FD51DD000F300612463 /* PBXTargetDependency */ = {
			isa = PBXTargetDependency;
			target = 792A7FB31DD000F300612463 /* Droplight */;
			targetProxy = 792A7FD41DD000F300612463 /* PBXContainerItemProxy */;
		};
/* End PBXTargetDependency section */

/* Begin PBXVariantGroup section */
		792A7FBB1DD000F300612463 /* Main.storyboard */ = {
			isa = PBXVariantGroup;
			children = (
				792A7FBC1DD000F300612463 /* Base */,
			);
			name = Main.storyboard;
			sourceTree = "<group>";
		};
		792A7FC01DD000F300612463 /* LaunchScreen.storyboard */ = {
			isa = PBXVariantGroup;
			children = (
				792A7FC11DD000F300612463 /* Base */,
			);
			name = LaunchScreen.storyboard;
			sourceTree = "<group>";
		};
/* End PBXVariantGroup section */

/* Begin XCBuildConfiguration section */
		792A7FDA1DD000F300612463 /* Debug */ = {
			isa = XCBuildConfiguration;
			buildSettings = {
				ALWAYS_SEARCH_USER_PATHS = NO;
				CLANG_ANALYZER_NONNULL = YES;
				CLANG_CXX_LANGUAGE_STANDARD = "gnu++0x";
				CLANG_CXX_LIBRARY = "libc++";
				CLANG_ENABLE_MODULES = YES;
				CLANG_ENABLE_OBJC_ARC = YES;
				CLANG_WARN_BOOL_CONVERSION = YES;
				CLANG_WARN_CONSTANT_CONVERSION = YES;
				CLANG_WARN_DIRECT_OBJC_ISA_USAGE = YES_ERROR;
				CLANG_WARN_EMPTY_BODY = YES;
				CLANG_WARN_ENUM_CONVERSION = YES;
				CLANG_WARN_INFINITE_RECURSION = YES;
				CLANG_WARN_INT_CONVERSION = YES;
				CLANG_WARN_OBJC_ROOT_CLASS = YES_ERROR;
				CLANG_WARN_SUSPICIOUS_MOVE = YES;
				CLANG_WARN_UNREACHABLE_CODE = YES;
				CLANG_WARN__DUPLICATE_METHOD_MATCH = YES;
				"CODE_SIGN_IDENTITY[sdk=iphoneos*]" = "iPhone Developer";
				COPY_PHASE_STRIP = NO;
				DEBUG_INFORMATION_FORMAT = dwarf;
				ENABLE_STRICT_OBJC_MSGSEND = YES;
				ENABLE_TESTABILITY = YES;
				GCC_C_LANGUAGE_STANDARD = gnu99;
				GCC_DYNAMIC_NO_PIC = NO;
				GCC_NO_COMMON_BLOCKS = YES;
				GCC_OPTIMIZATION_LEVEL = 0;
				GCC_PREPROCESSOR_DEFINITIONS = (
					"DEBUG=1",
					"$(inherited)",
				);
				GCC_WARN_64_TO_32_BIT_CONVERSION = YES;
				GCC_WARN_ABOUT_RETURN_TYPE = YES_ERROR;
				GCC_WARN_UNDECLARED_SELECTOR = YES;
				GCC_WARN_UNINITIALIZED_AUTOS = YES_AGGRESSIVE;
				GCC_WARN_UNUSED_FUNCTION = YES;
				GCC_WARN_UNUSED_VARIABLE = YES;
				IPHONEOS_DEPLOYMENT_TARGET = 9.3;
				MTL_ENABLE_DEBUG_INFO = YES;
				ONLY_ACTIVE_ARCH = YES;
				SDKROOT = iphoneos;
				SWIFT_OPTIMIZATION_LEVEL = "-Onone";
				TARGETED_DEVICE_FAMILY = "1,2";
			};
			name = Debug;
		};
		792A7FDB1DD000F300612463 /* Release */ = {
			isa = XCBuildConfiguration;
			buildSettings = {
				ALWAYS_SEARCH_USER_PATHS = NO;
				CLANG_ANALYZER_NONNULL = YES;
				CLANG_CXX_LANGUAGE_STANDARD = "gnu++0x";
				CLANG_CXX_LIBRARY = "libc++";
				CLANG_ENABLE_MODULES = YES;
				CLANG_ENABLE_OBJC_ARC = YES;
				CLANG_WARN_BOOL_CONVERSION = YES;
				CLANG_WARN_CONSTANT_CONVERSION = YES;
				CLANG_WARN_DIRECT_OBJC_ISA_USAGE = YES_ERROR;
				CLANG_WARN_EMPTY_BODY = YES;
				CLANG_WARN_ENUM_CONVERSION = YES;
				CLANG_WARN_INFINITE_RECURSION = YES;
				CLANG_WARN_INT_CONVERSION = YES;
				CLANG_WARN_OBJC_ROOT_CLASS = YES_ERROR;
				CLANG_WARN_SUSPICIOUS_MOVE = YES;
				CLANG_WARN_UNREACHABLE_CODE = YES;
				CLANG_WARN__DUPLICATE_METHOD_MATCH = YES;
				"CODE_SIGN_IDENTITY[sdk=iphoneos*]" = "iPhone Developer";
				COPY_PHASE_STRIP = NO;
				DEBUG_INFORMATION_FORMAT = "dwarf-with-dsym";
				ENABLE_NS_ASSERTIONS = NO;
				ENABLE_STRICT_OBJC_MSGSEND = YES;
				GCC_C_LANGUAGE_STANDARD = gnu99;
				GCC_NO_COMMON_BLOCKS = YES;
				GCC_WARN_64_TO_32_BIT_CONVERSION = YES;
				GCC_WARN_ABOUT_RETURN_TYPE = YES_ERROR;
				GCC_WARN_UNDECLARED_SELECTOR = YES;
				GCC_WARN_UNINITIALIZED_AUTOS = YES_AGGRESSIVE;
				GCC_WARN_UNUSED_FUNCTION = YES;
				GCC_WARN_UNUSED_VARIABLE = YES;
				IPHONEOS_DEPLOYMENT_TARGET = 9.3;
				MTL_ENABLE_DEBUG_INFO = NO;
				SDKROOT = iphoneos;
				SWIFT_OPTIMIZATION_LEVEL = "-Owholemodule";
				TARGETED_DEVICE_FAMILY = "1,2";
				VALIDATE_PRODUCT = YES;
			};
			name = Release;
		};
		792A7FDD1DD000F300612463 /* Debug */ = {
			isa = XCBuildConfiguration;
			buildSettings = {
				ASSETCATALOG_COMPILER_APPICON_NAME = AppIcon;
				ASSETCATALOG_COMPILER_LAUNCHIMAGE_NAME = "Brand Assets";
				CODE_SIGN_IDENTITY = "iPhone Developer";
				INFOPLIST_FILE = Droplight/Info.plist;
				LD_RUNPATH_SEARCH_PATHS = "$(inherited) @executable_path/Frameworks";
				PRODUCT_BUNDLE_IDENTIFIER = edu.self.Droplight;
				PRODUCT_NAME = "$(TARGET_NAME)";
				SWIFT_VERSION = 3.0;
			};
			name = Debug;
		};
		792A7FDE1DD000F300612463 /* Release */ = {
			isa = XCBuildConfiguration;
			buildSettings = {
				ASSETCATALOG_COMPILER_APPICON_NAME = AppIcon;
				ASSETCATALOG_COMPILER_LAUNCHIMAGE_NAME = "Brand Assets";
				CODE_SIGN_IDENTITY = "iPhone Developer";
				INFOPLIST_FILE = Droplight/Info.plist;
				LD_RUNPATH_SEARCH_PATHS = "$(inherited) @executable_path/Frameworks";
				PRODUCT_BUNDLE_IDENTIFIER = edu.self.Droplight;
				PRODUCT_NAME = "$(TARGET_NAME)";
				SWIFT_VERSION = 3.0;
			};
			name = Release;
		};
		792A7FE01DD000F300612463 /* Debug */ = {
			isa = XCBuildConfiguration;
			buildSettings = {
				BUNDLE_LOADER = "$(TEST_HOST)";
				INFOPLIST_FILE = DroplightTests/Info.plist;
				LD_RUNPATH_SEARCH_PATHS = "$(inherited) @executable_path/Frameworks @loader_path/Frameworks";
				PRODUCT_BUNDLE_IDENTIFIER = edu.self.DroplightTests;
				PRODUCT_NAME = "$(TARGET_NAME)";
				SWIFT_VERSION = 3.0;
				TEST_HOST = "$(BUILT_PRODUCTS_DIR)/Droplight.app/Droplight";
			};
			name = Debug;
		};
		792A7FE11DD000F300612463 /* Release */ = {
			isa = XCBuildConfiguration;
			buildSettings = {
				BUNDLE_LOADER = "$(TEST_HOST)";
				INFOPLIST_FILE = DroplightTests/Info.plist;
				LD_RUNPATH_SEARCH_PATHS = "$(inherited) @executable_path/Frameworks @loader_path/Frameworks";
				PRODUCT_BUNDLE_IDENTIFIER = edu.self.DroplightTests;
				PRODUCT_NAME = "$(TARGET_NAME)";
				SWIFT_VERSION = 3.0;
				TEST_HOST = "$(BUILT_PRODUCTS_DIR)/Droplight.app/Droplight";
			};
			name = Release;
		};
		792A7FE31DD000F300612463 /* Debug */ = {
			isa = XCBuildConfiguration;
			buildSettings = {
				INFOPLIST_FILE = DroplightUITests/Info.plist;
				LD_RUNPATH_SEARCH_PATHS = "$(inherited) @executable_path/Frameworks @loader_path/Frameworks";
				PRODUCT_BUNDLE_IDENTIFIER = edu.self.DroplightUITests;
				PRODUCT_NAME = "$(TARGET_NAME)";
				SWIFT_VERSION = 3.0;
				TEST_TARGET_NAME = Droplight;
			};
			name = Debug;
		};
		792A7FE41DD000F300612463 /* Release */ = {
			isa = XCBuildConfiguration;
			buildSettings = {
				INFOPLIST_FILE = DroplightUITests/Info.plist;
				LD_RUNPATH_SEARCH_PATHS = "$(inherited) @executable_path/Frameworks @loader_path/Frameworks";
				PRODUCT_BUNDLE_IDENTIFIER = edu.self.DroplightUITests;
				PRODUCT_NAME = "$(TARGET_NAME)";
				SWIFT_VERSION = 3.0;
				TEST_TARGET_NAME = Droplight;
			};
			name = Release;
		};
/* End XCBuildConfiguration section */

/* Begin XCConfigurationList section */
		792A7FAF1DD000F300612463 /* Build configuration list for PBXProject "Droplight" */ = {
			isa = XCConfigurationList;
			buildConfigurations = (
				792A7FDA1DD000F300612463 /* Debug */,
				792A7FDB1DD000F300612463 /* Release */,
			);
			defaultConfigurationIsVisible = 0;
			defaultConfigurationName = Release;
		};
		792A7FDC1DD000F300612463 /* Build configuration list for PBXNativeTarget "Droplight" */ = {
			isa = XCConfigurationList;
			buildConfigurations = (
				792A7FDD1DD000F300612463 /* Debug */,
				792A7FDE1DD000F300612463 /* Release */,
			);
			defaultConfigurationIsVisible = 0;
			defaultConfigurationName = Release;
		};
		792A7FDF1DD000F300612463 /* Build configuration list for PBXNativeTarget "DroplightTests" */ = {
			isa = XCConfigurationList;
			buildConfigurations = (
				792A7FE01DD000F300612463 /* Debug */,
				792A7FE11DD000F300612463 /* Release */,
			);
			defaultConfigurationIsVisible = 0;
			defaultConfigurationName = Release;
		};
		792A7FE21DD000F300612463 /* Build configuration list for PBXNativeTarget "DroplightUITests" */ = {
			isa = XCConfigurationList;
			buildConfigurations = (
				792A7FE31DD000F300612463 /* Debug */,
				792A7FE41DD000F300612463 /* Release */,
			);
			defaultConfigurationIsVisible = 0;
			defaultConfigurationName = Release;
		};
/* End XCConfigurationList section */
	};
	rootObject = 792A7FAC1DD000F300612463 /* Project object */;
}
